// !$*UTF8*$!
{
	archiveVersion = 1;
	classes = {
	};
	objectVersion = 77;
	objects = {

/* Begin PBXBuildFile section */
		AE0A8ACD2E5E5A520066A017 /* ColorMatcherViewModel.swift in Sources */ = {isa = PBXBuildFile; fileRef = AE0A8ACC2E5E5A520066A017 /* ColorMatcherViewModel.swift */; };
		AE0A8ACF2E5E5EC00066A017 /* EmptyState.swift in Sources */ = {isa = PBXBuildFile; fileRef = AE0A8ACE2E5E5EC00066A017 /* EmptyState.swift */; };
		AE0A8AD12E5E5EFC0066A017 /* ApproximatedOutput.swift in Sources */ = {isa = PBXBuildFile; fileRef = AE0A8AD02E5E5EFC0066A017 /* ApproximatedOutput.swift */; };
		AE0A8AD32E5E5F560066A017 /* DerivedPair.swift in Sources */ = {isa = PBXBuildFile; fileRef = AE0A8AD22E5E5F560066A017 /* DerivedPair.swift */; };
		AE0A8AD52E5E5F840066A017 /* MatchResult.swift in Sources */ = {isa = PBXBuildFile; fileRef = AE0A8AD42E5E5F840066A017 /* MatchResult.swift */; };
		AE0A8AD72E5E5FAA0066A017 /* ApproximatorEngine.swift in Sources */ = {isa = PBXBuildFile; fileRef = AE0A8AD62E5E5FAA0066A017 /* ApproximatorEngine.swift */; };
		AE0A8AD92E5E6EE50066A017 /* DerivedPairEngine.swift in Sources */ = {isa = PBXBuildFile; fileRef = AE0A8AD82E5E6EE50066A017 /* DerivedPairEngine.swift */; };
		AE0A8ADB2E5E6F090066A017 /* Exporter.swift in Sources */ = {isa = PBXBuildFile; fileRef = AE0A8ADA2E5E6F090066A017 /* Exporter.swift */; };
		AE0A8ADD2E5E6FFA0066A017 /* ApproximatorResultView.swift in Sources */ = {isa = PBXBuildFile; fileRef = AE0A8ADC2E5E6FFA0066A017 /* ApproximatorResultView.swift */; };
		AE0A8ADF2E5E70470066A017 /* DerivedPairResultView.swift in Sources */ = {isa = PBXBuildFile; fileRef = AE0A8ADE2E5E70470066A017 /* DerivedPairResultView.swift */; };
		AE0A8AE12E5E70810066A017 /* PreviewRow.swift in Sources */ = {isa = PBXBuildFile; fileRef = AE0A8AE02E5E70810066A017 /* PreviewRow.swift */; };
		AE0A8AE32E5E713E0066A017 /* TwinPreview.swift in Sources */ = {isa = PBXBuildFile; fileRef = AE0A8AE22E5E713E0066A017 /* TwinPreview.swift */; };
		AE0A8AE52E5E71750066A017 /* ExportSheet.swift in Sources */ = {isa = PBXBuildFile; fileRef = AE0A8AE42E5E71750066A017 /* ExportSheet.swift */; };
		AE0A8AE72E5E71A90066A017 /* RGBA.swift in Sources */ = {isa = PBXBuildFile; fileRef = AE0A8AE62E5E71A90066A017 /* RGBA.swift */; };
		AE0A8AE92E5E71D30066A017 /* Color+Extensions.swift in Sources */ = {isa = PBXBuildFile; fileRef = AE0A8AE82E5E71D30066A017 /* Color+Extensions.swift */; };
		AE0D6E7F2E6277BB001CC246 /* InfoPlist.strings in Resources */ = {isa = PBXBuildFile; fileRef = AE0D6E7D2E6277BB001CC246 /* InfoPlist.strings */; };
		AE0D6E802E6277BB001CC246 /* InfoPlist.strings in Resources */ = {isa = PBXBuildFile; fileRef = AE0D6E7D2E6277BB001CC246 /* InfoPlist.strings */; };
		AE0D6E812E6277BB001CC246 /* InfoPlist.strings in Resources */ = {isa = PBXBuildFile; fileRef = AE0D6E7D2E6277BB001CC246 /* InfoPlist.strings */; };
		AE331AAF2E5FA06100C6B110 /* ColorWellView.swift in Sources */ = {isa = PBXBuildFile; fileRef = AE331AAE2E5FA06100C6B110 /* ColorWellView.swift */; };
		AE91A1E92E61FCD9009575D0 /* PreferencesView.swift in Sources */ = {isa = PBXBuildFile; fileRef = AE91A1E82E61FCD9009575D0 /* PreferencesView.swift */; };
		AE91A1ED2E6200F8009575D0 /* AppearanceToggle.swift in Sources */ = {isa = PBXBuildFile; fileRef = AE91A1EC2E6200F8009575D0 /* AppearanceToggle.swift */; };
		AE91A1FD2E621539009575D0 /* ModeHelp.swift in Sources */ = {isa = PBXBuildFile; fileRef = AE91A1FC2E621539009575D0 /* ModeHelp.swift */; };
		AEC411BA2E5E57250054C9E1 /* ContentView.swift in Sources */ = {isa = PBXBuildFile; fileRef = AEC411B62E5E57250054C9E1 /* ContentView.swift */; };
		AEC411BB2E5E57250054C9E1 /* ColorPairStudioApp.swift in Sources */ = {isa = PBXBuildFile; fileRef = AEC411B82E5E57250054C9E1 /* ColorPairStudioApp.swift */; };
		AEC411BC2E5E57250054C9E1 /* Assets.xcassets in Resources */ = {isa = PBXBuildFile; fileRef = AEC411B52E5E57250054C9E1 /* Assets.xcassets */; };
		AEC411BE2E5E575C0054C9E1 /* MatchMode.swift in Sources */ = {isa = PBXBuildFile; fileRef = AEC411BD2E5E575C0054C9E1 /* MatchMode.swift */; };
		AEFB4FB42E60BDA90044D6C2 /* WCAG.swift in Sources */ = {isa = PBXBuildFile; fileRef = AEFB4FB32E60BDA90044D6C2 /* WCAG.swift */; };
		AEFB4FB82E60BF8F0044D6C2 /* DeltaE.swift in Sources */ = {isa = PBXBuildFile; fileRef = AEFB4FB72E60BF8F0044D6C2 /* DeltaE.swift */; };
		AEFB4FBA2E60D0110044D6C2 /* PassBadge.swift in Sources */ = {isa = PBXBuildFile; fileRef = AEFB4FB92E60D0110044D6C2 /* PassBadge.swift */; };
/* End PBXBuildFile section */

/* Begin PBXContainerItemProxy section */
		AEC411992E5E56F90054C9E1 /* PBXContainerItemProxy */ = {
			isa = PBXContainerItemProxy;
			containerPortal = AEC411822E5E56F70054C9E1 /* Project object */;
			proxyType = 1;
			remoteGlobalIDString = AEC411892E5E56F70054C9E1;
			remoteInfo = XcodeColorMatch;
		};
		AEC411A32E5E56F90054C9E1 /* PBXContainerItemProxy */ = {
			isa = PBXContainerItemProxy;
			containerPortal = AEC411822E5E56F70054C9E1 /* Project object */;
			proxyType = 1;
			remoteGlobalIDString = AEC411892E5E56F70054C9E1;
			remoteInfo = XcodeColorMatch;
		};
/* End PBXContainerItemProxy section */

/* Begin PBXFileReference section */
		AE0A8ACC2E5E5A520066A017 /* ColorMatcherViewModel.swift */ = {isa = PBXFileReference; lastKnownFileType = sourcecode.swift; path = ColorMatcherViewModel.swift; sourceTree = "<group>"; };
		AE0A8ACE2E5E5EC00066A017 /* EmptyState.swift */ = {isa = PBXFileReference; lastKnownFileType = sourcecode.swift; path = EmptyState.swift; sourceTree = "<group>"; };
		AE0A8AD02E5E5EFC0066A017 /* ApproximatedOutput.swift */ = {isa = PBXFileReference; lastKnownFileType = sourcecode.swift; path = ApproximatedOutput.swift; sourceTree = "<group>"; };
		AE0A8AD22E5E5F560066A017 /* DerivedPair.swift */ = {isa = PBXFileReference; lastKnownFileType = sourcecode.swift; path = DerivedPair.swift; sourceTree = "<group>"; };
		AE0A8AD42E5E5F840066A017 /* MatchResult.swift */ = {isa = PBXFileReference; lastKnownFileType = sourcecode.swift; path = MatchResult.swift; sourceTree = "<group>"; };
		AE0A8AD62E5E5FAA0066A017 /* ApproximatorEngine.swift */ = {isa = PBXFileReference; lastKnownFileType = sourcecode.swift; path = ApproximatorEngine.swift; sourceTree = "<group>"; };
		AE0A8AD82E5E6EE50066A017 /* DerivedPairEngine.swift */ = {isa = PBXFileReference; lastKnownFileType = sourcecode.swift; path = DerivedPairEngine.swift; sourceTree = "<group>"; };
		AE0A8ADA2E5E6F090066A017 /* Exporter.swift */ = {isa = PBXFileReference; lastKnownFileType = sourcecode.swift; path = Exporter.swift; sourceTree = "<group>"; };
		AE0A8ADC2E5E6FFA0066A017 /* ApproximatorResultView.swift */ = {isa = PBXFileReference; lastKnownFileType = sourcecode.swift; path = ApproximatorResultView.swift; sourceTree = "<group>"; };
		AE0A8ADE2E5E70470066A017 /* DerivedPairResultView.swift */ = {isa = PBXFileReference; lastKnownFileType = sourcecode.swift; path = DerivedPairResultView.swift; sourceTree = "<group>"; };
		AE0A8AE02E5E70810066A017 /* PreviewRow.swift */ = {isa = PBXFileReference; lastKnownFileType = sourcecode.swift; path = PreviewRow.swift; sourceTree = "<group>"; };
		AE0A8AE22E5E713E0066A017 /* TwinPreview.swift */ = {isa = PBXFileReference; lastKnownFileType = sourcecode.swift; path = TwinPreview.swift; sourceTree = "<group>"; };
		AE0A8AE42E5E71750066A017 /* ExportSheet.swift */ = {isa = PBXFileReference; lastKnownFileType = sourcecode.swift; path = ExportSheet.swift; sourceTree = "<group>"; };
		AE0A8AE62E5E71A90066A017 /* RGBA.swift */ = {isa = PBXFileReference; lastKnownFileType = sourcecode.swift; path = RGBA.swift; sourceTree = "<group>"; };
		AE0A8AE82E5E71D30066A017 /* Color+Extensions.swift */ = {isa = PBXFileReference; lastKnownFileType = sourcecode.swift; path = "Color+Extensions.swift"; sourceTree = "<group>"; };
		AE0D6E7E2E6277BB001CC246 /* en */ = {isa = PBXFileReference; lastKnownFileType = text.plist.strings; name = en; path = en.lproj/InfoPlist.strings; sourceTree = "<group>"; };
		AE2FBDC22E627B4000C833C9 /* ColorPairStudio-Info.plist */ = {isa = PBXFileReference; lastKnownFileType = text.plist.xml; path = "ColorPairStudio-Info.plist"; sourceTree = "<group>"; };
		AE331AAE2E5FA06100C6B110 /* ColorWellView.swift */ = {isa = PBXFileReference; lastKnownFileType = sourcecode.swift; path = ColorWellView.swift; sourceTree = "<group>"; };
		AE91A1E82E61FCD9009575D0 /* PreferencesView.swift */ = {isa = PBXFileReference; lastKnownFileType = sourcecode.swift; path = PreferencesView.swift; sourceTree = "<group>"; };
		AE91A1EC2E6200F8009575D0 /* AppearanceToggle.swift */ = {isa = PBXFileReference; lastKnownFileType = sourcecode.swift; path = AppearanceToggle.swift; sourceTree = "<group>"; };
		AE91A1FC2E621539009575D0 /* ModeHelp.swift */ = {isa = PBXFileReference; lastKnownFileType = sourcecode.swift; path = ModeHelp.swift; sourceTree = "<group>"; };
		AEC4118A2E5E56F70054C9E1 /* ColorPairStudio.app */ = {isa = PBXFileReference; explicitFileType = wrapper.application; includeInIndex = 0; path = ColorPairStudio.app; sourceTree = BUILT_PRODUCTS_DIR; };
		AEC411982E5E56F90054C9E1 /* ColorPairStudioTests.xctest */ = {isa = PBXFileReference; explicitFileType = wrapper.cfbundle; includeInIndex = 0; path = ColorPairStudioTests.xctest; sourceTree = BUILT_PRODUCTS_DIR; };
		AEC411A22E5E56F90054C9E1 /* ColorPairStudioUITests.xctest */ = {isa = PBXFileReference; explicitFileType = wrapper.cfbundle; includeInIndex = 0; path = ColorPairStudioUITests.xctest; sourceTree = BUILT_PRODUCTS_DIR; };
		AEC411B52E5E57250054C9E1 /* Assets.xcassets */ = {isa = PBXFileReference; lastKnownFileType = folder.assetcatalog; path = Assets.xcassets; sourceTree = "<group>"; };
		AEC411B62E5E57250054C9E1 /* ContentView.swift */ = {isa = PBXFileReference; lastKnownFileType = sourcecode.swift; path = ContentView.swift; sourceTree = "<group>"; };
		AEC411B72E5E57250054C9E1 /* ColorPairStudio.entitlements */ = {isa = PBXFileReference; lastKnownFileType = text.plist.entitlements; path = ColorPairStudio.entitlements; sourceTree = "<group>"; };
		AEC411B82E5E57250054C9E1 /* ColorPairStudioApp.swift */ = {isa = PBXFileReference; lastKnownFileType = sourcecode.swift; path = ColorPairStudioApp.swift; sourceTree = "<group>"; };
		AEC411BD2E5E575C0054C9E1 /* MatchMode.swift */ = {isa = PBXFileReference; lastKnownFileType = sourcecode.swift; path = MatchMode.swift; sourceTree = "<group>"; };
		AEFB4FB32E60BDA90044D6C2 /* WCAG.swift */ = {isa = PBXFileReference; lastKnownFileType = sourcecode.swift; path = WCAG.swift; sourceTree = "<group>"; };
		AEFB4FB72E60BF8F0044D6C2 /* DeltaE.swift */ = {isa = PBXFileReference; lastKnownFileType = sourcecode.swift; path = DeltaE.swift; sourceTree = "<group>"; };
		AEFB4FB92E60D0110044D6C2 /* PassBadge.swift */ = {isa = PBXFileReference; lastKnownFileType = sourcecode.swift; path = PassBadge.swift; sourceTree = "<group>"; };
/* End PBXFileReference section */

/* Begin PBXFileSystemSynchronizedRootGroup section */
		AEC4119B2E5E56F90054C9E1 /* XcodeColorMatchTests */ = {
			isa = PBXFileSystemSynchronizedRootGroup;
			path = XcodeColorMatchTests;
			sourceTree = "<group>";
		};
		AEC411A52E5E56F90054C9E1 /* XcodeColorMatchUITests */ = {
			isa = PBXFileSystemSynchronizedRootGroup;
			path = XcodeColorMatchUITests;
			sourceTree = "<group>";
		};
/* End PBXFileSystemSynchronizedRootGroup section */

/* Begin PBXFrameworksBuildPhase section */
		AEC411872E5E56F70054C9E1 /* Frameworks */ = {
			isa = PBXFrameworksBuildPhase;
			buildActionMask = 2147483647;
			files = (
			);
			runOnlyForDeploymentPostprocessing = 0;
		};
		AEC411952E5E56F90054C9E1 /* Frameworks */ = {
			isa = PBXFrameworksBuildPhase;
			buildActionMask = 2147483647;
			files = (
			);
			runOnlyForDeploymentPostprocessing = 0;
		};
		AEC4119F2E5E56F90054C9E1 /* Frameworks */ = {
			isa = PBXFrameworksBuildPhase;
			buildActionMask = 2147483647;
			files = (
			);
			runOnlyForDeploymentPostprocessing = 0;
		};
/* End PBXFrameworksBuildPhase section */

/* Begin PBXGroup section */
		AE0A8AEA2E5E7D030066A017 /* ViewModels */ = {
			isa = PBXGroup;
			children = (
				AE0A8ACC2E5E5A520066A017 /* ColorMatcherViewModel.swift */,
			);
			path = ViewModels;
			sourceTree = "<group>";
		};
		AE0A8AEB2E5E7D3F0066A017 /* Screens */ = {
			isa = PBXGroup;
			children = (
				AEC411B62E5E57250054C9E1 /* ContentView.swift */,
				AE331AAE2E5FA06100C6B110 /* ColorWellView.swift */,
			);
			path = Screens;
			sourceTree = "<group>";
		};
		AE0A8AEC2E5E7D720066A017 /* Models */ = {
			isa = PBXGroup;
			children = (
				AE0A8AD22E5E5F560066A017 /* DerivedPair.swift */,
				AE0A8AD02E5E5EFC0066A017 /* ApproximatedOutput.swift */,
			);
			path = Models;
			sourceTree = "<group>";
		};
		AE0A8AED2E5E7D9F0066A017 /* ColorMatchingEngines */ = {
			isa = PBXGroup;
			children = (
				AE0A8AD62E5E5FAA0066A017 /* ApproximatorEngine.swift */,
				AE0A8AD82E5E6EE50066A017 /* DerivedPairEngine.swift */,
			);
			path = ColorMatchingEngines;
			sourceTree = "<group>";
		};
		AEC411812E5E56F70054C9E1 = {
			isa = PBXGroup;
			children = (
				AE0D6E7D2E6277BB001CC246 /* InfoPlist.strings */,
				AE2FBDC22E627B4000C833C9 /* ColorPairStudio-Info.plist */,
				AEC411B92E5E57250054C9E1 /* ColorPairStudio */,
				AEC4119B2E5E56F90054C9E1 /* XcodeColorMatchTests */,
				AEC411A52E5E56F90054C9E1 /* XcodeColorMatchUITests */,
				AEC4118B2E5E56F70054C9E1 /* Products */,
			);
			sourceTree = "<group>";
		};
		AEC4118B2E5E56F70054C9E1 /* Products */ = {
			isa = PBXGroup;
			children = (
				AEC4118A2E5E56F70054C9E1 /* ColorPairStudio.app */,
				AEC411982E5E56F90054C9E1 /* ColorPairStudioTests.xctest */,
				AEC411A22E5E56F90054C9E1 /* ColorPairStudioUITests.xctest */,
			);
			name = Products;
			sourceTree = "<group>";
		};
		AEC411B92E5E57250054C9E1 /* ColorPairStudio */ = {
			isa = PBXGroup;
			children = (
				AEC411B72E5E57250054C9E1 /* ColorPairStudio.entitlements */,
				AEC411B82E5E57250054C9E1 /* ColorPairStudioApp.swift */,
				AE0A8AEB2E5E7D3F0066A017 /* Screens */,
				AE0A8AEA2E5E7D030066A017 /* ViewModels */,
				AE0A8AEC2E5E7D720066A017 /* Models */,
				AE0A8AD42E5E5F840066A017 /* MatchResult.swift */,
				AE0A8AED2E5E7D9F0066A017 /* ColorMatchingEngines */,
				AE0A8ADA2E5E6F090066A017 /* Exporter.swift */,
				AE0A8ADC2E5E6FFA0066A017 /* ApproximatorResultView.swift */,
				AEFB4FB72E60BF8F0044D6C2 /* DeltaE.swift */,
				AE0A8ADE2E5E70470066A017 /* DerivedPairResultView.swift */,
				AE0A8AE02E5E70810066A017 /* PreviewRow.swift */,
				AE0A8AE22E5E713E0066A017 /* TwinPreview.swift */,
				AEFB4FB92E60D0110044D6C2 /* PassBadge.swift */,
				AE0A8AE42E5E71750066A017 /* ExportSheet.swift */,
				AE91A1E82E61FCD9009575D0 /* PreferencesView.swift */,
				AE0A8AE62E5E71A90066A017 /* RGBA.swift */,
				AE0A8AE82E5E71D30066A017 /* Color+Extensions.swift */,
				AE0A8ACE2E5E5EC00066A017 /* EmptyState.swift */,
				AEC411BD2E5E575C0054C9E1 /* MatchMode.swift */,
				AEC411B52E5E57250054C9E1 /* Assets.xcassets */,
				AEFB4FB32E60BDA90044D6C2 /* WCAG.swift */,
				AE91A1EC2E6200F8009575D0 /* AppearanceToggle.swift */,
				AE91A1FC2E621539009575D0 /* ModeHelp.swift */,
			);
			path = ColorPairStudio;
			sourceTree = "<group>";
		};
/* End PBXGroup section */

/* Begin PBXNativeTarget section */
		AEC411892E5E56F70054C9E1 /* ColorPairStudio */ = {
			isa = PBXNativeTarget;
			buildConfigurationList = AEC411AC2E5E56F90054C9E1 /* Build configuration list for PBXNativeTarget "ColorPairStudio" */;
			buildPhases = (
				AEC411862E5E56F70054C9E1 /* Sources */,
				AEC411872E5E56F70054C9E1 /* Frameworks */,
				AEC411882E5E56F70054C9E1 /* Resources */,
			);
			buildRules = (
			);
			dependencies = (
			);
			name = ColorPairStudio;
			packageProductDependencies = (
			);
			productName = XcodeColorMatch;
			productReference = AEC4118A2E5E56F70054C9E1 /* ColorPairStudio.app */;
			productType = "com.apple.product-type.application";
		};
		AEC411972E5E56F90054C9E1 /* ColorPairStudioTests */ = {
			isa = PBXNativeTarget;
			buildConfigurationList = AEC411AF2E5E56F90054C9E1 /* Build configuration list for PBXNativeTarget "ColorPairStudioTests" */;
			buildPhases = (
				AEC411942E5E56F90054C9E1 /* Sources */,
				AEC411952E5E56F90054C9E1 /* Frameworks */,
				AEC411962E5E56F90054C9E1 /* Resources */,
			);
			buildRules = (
			);
			dependencies = (
				AEC4119A2E5E56F90054C9E1 /* PBXTargetDependency */,
			);
			fileSystemSynchronizedGroups = (
				AEC4119B2E5E56F90054C9E1 /* XcodeColorMatchTests */,
			);
			name = ColorPairStudioTests;
			packageProductDependencies = (
			);
			productName = XcodeColorMatchTests;
			productReference = AEC411982E5E56F90054C9E1 /* ColorPairStudioTests.xctest */;
			productType = "com.apple.product-type.bundle.unit-test";
		};
		AEC411A12E5E56F90054C9E1 /* ColorPairStudioUITests */ = {
			isa = PBXNativeTarget;
			buildConfigurationList = AEC411B22E5E56F90054C9E1 /* Build configuration list for PBXNativeTarget "ColorPairStudioUITests" */;
			buildPhases = (
				AEC4119E2E5E56F90054C9E1 /* Sources */,
				AEC4119F2E5E56F90054C9E1 /* Frameworks */,
				AEC411A02E5E56F90054C9E1 /* Resources */,
			);
			buildRules = (
			);
			dependencies = (
				AEC411A42E5E56F90054C9E1 /* PBXTargetDependency */,
			);
			fileSystemSynchronizedGroups = (
				AEC411A52E5E56F90054C9E1 /* XcodeColorMatchUITests */,
			);
			name = ColorPairStudioUITests;
			packageProductDependencies = (
			);
			productName = XcodeColorMatchUITests;
			productReference = AEC411A22E5E56F90054C9E1 /* ColorPairStudioUITests.xctest */;
			productType = "com.apple.product-type.bundle.ui-testing";
		};
/* End PBXNativeTarget section */

/* Begin PBXProject section */
		AEC411822E5E56F70054C9E1 /* Project object */ = {
			isa = PBXProject;
			attributes = {
				BuildIndependentTargetsInParallel = 1;
				LastSwiftUpdateCheck = 1640;
				LastUpgradeCheck = 1640;
				TargetAttributes = {
					AEC411892E5E56F70054C9E1 = {
						CreatedOnToolsVersion = 16.4;
					};
					AEC411972E5E56F90054C9E1 = {
						CreatedOnToolsVersion = 16.4;
						TestTargetID = AEC411892E5E56F70054C9E1;
					};
					AEC411A12E5E56F90054C9E1 = {
						CreatedOnToolsVersion = 16.4;
						TestTargetID = AEC411892E5E56F70054C9E1;
					};
				};
			};
			buildConfigurationList = AEC411852E5E56F70054C9E1 /* Build configuration list for PBXProject "ColorPairStudio" */;
			developmentRegion = en;
			hasScannedForEncodings = 0;
			knownRegions = (
				en,
				Base,
			);
			mainGroup = AEC411812E5E56F70054C9E1;
			minimizedProjectReferenceProxies = 1;
			preferredProjectObjectVersion = 77;
			productRefGroup = AEC4118B2E5E56F70054C9E1 /* Products */;
			projectDirPath = "";
			projectRoot = "";
			targets = (
				AEC411892E5E56F70054C9E1 /* ColorPairStudio */,
				AEC411972E5E56F90054C9E1 /* ColorPairStudioTests */,
				AEC411A12E5E56F90054C9E1 /* ColorPairStudioUITests */,
			);
		};
/* End PBXProject section */

/* Begin PBXResourcesBuildPhase section */
		AEC411882E5E56F70054C9E1 /* Resources */ = {
			isa = PBXResourcesBuildPhase;
			buildActionMask = 2147483647;
			files = (
				AEC411BC2E5E57250054C9E1 /* Assets.xcassets in Resources */,
				AE0D6E802E6277BB001CC246 /* InfoPlist.strings in Resources */,
			);
			runOnlyForDeploymentPostprocessing = 0;
		};
		AEC411962E5E56F90054C9E1 /* Resources */ = {
			isa = PBXResourcesBuildPhase;
			buildActionMask = 2147483647;
			files = (
				AE0D6E7F2E6277BB001CC246 /* InfoPlist.strings in Resources */,
			);
			runOnlyForDeploymentPostprocessing = 0;
		};
		AEC411A02E5E56F90054C9E1 /* Resources */ = {
			isa = PBXResourcesBuildPhase;
			buildActionMask = 2147483647;
			files = (
				AE0D6E812E6277BB001CC246 /* InfoPlist.strings in Resources */,
			);
			runOnlyForDeploymentPostprocessing = 0;
		};
/* End PBXResourcesBuildPhase section */

/* Begin PBXSourcesBuildPhase section */
		AEC411862E5E56F70054C9E1 /* Sources */ = {
			isa = PBXSourcesBuildPhase;
			buildActionMask = 2147483647;
			files = (
				AE0A8ADB2E5E6F090066A017 /* Exporter.swift in Sources */,
				AE0A8AD72E5E5FAA0066A017 /* ApproximatorEngine.swift in Sources */,
				AE0A8AD52E5E5F840066A017 /* MatchResult.swift in Sources */,
				AE0A8AE32E5E713E0066A017 /* TwinPreview.swift in Sources */,
				AEC411BE2E5E575C0054C9E1 /* MatchMode.swift in Sources */,
				AE0A8ADF2E5E70470066A017 /* DerivedPairResultView.swift in Sources */,
				AE0A8ACD2E5E5A520066A017 /* ColorMatcherViewModel.swift in Sources */,
				AE0A8AE52E5E71750066A017 /* ExportSheet.swift in Sources */,
				AE0A8ACF2E5E5EC00066A017 /* EmptyState.swift in Sources */,
				AEC411BA2E5E57250054C9E1 /* ContentView.swift in Sources */,
				AE0A8AE72E5E71A90066A017 /* RGBA.swift in Sources */,
				AE91A1ED2E6200F8009575D0 /* AppearanceToggle.swift in Sources */,
				AE0A8AE92E5E71D30066A017 /* Color+Extensions.swift in Sources */,
				AE0A8ADD2E5E6FFA0066A017 /* ApproximatorResultView.swift in Sources */,
				AE0A8AD32E5E5F560066A017 /* DerivedPair.swift in Sources */,
				AE91A1E92E61FCD9009575D0 /* PreferencesView.swift in Sources */,
				AE331AAF2E5FA06100C6B110 /* ColorWellView.swift in Sources */,
				AE91A1FD2E621539009575D0 /* ModeHelp.swift in Sources */,
				AEFB4FB42E60BDA90044D6C2 /* WCAG.swift in Sources */,
				AE0A8AD92E5E6EE50066A017 /* DerivedPairEngine.swift in Sources */,
				AEFB4FB82E60BF8F0044D6C2 /* DeltaE.swift in Sources */,
				AEFB4FBA2E60D0110044D6C2 /* PassBadge.swift in Sources */,
				AE0A8AE12E5E70810066A017 /* PreviewRow.swift in Sources */,
				AE0A8AD12E5E5EFC0066A017 /* ApproximatedOutput.swift in Sources */,
				AEC411BB2E5E57250054C9E1 /* ColorPairStudioApp.swift in Sources */,
			);
			runOnlyForDeploymentPostprocessing = 0;
		};
		AEC411942E5E56F90054C9E1 /* Sources */ = {
			isa = PBXSourcesBuildPhase;
			buildActionMask = 2147483647;
			files = (
			);
			runOnlyForDeploymentPostprocessing = 0;
		};
		AEC4119E2E5E56F90054C9E1 /* Sources */ = {
			isa = PBXSourcesBuildPhase;
			buildActionMask = 2147483647;
			files = (
			);
			runOnlyForDeploymentPostprocessing = 0;
		};
/* End PBXSourcesBuildPhase section */

/* Begin PBXTargetDependency section */
		AEC4119A2E5E56F90054C9E1 /* PBXTargetDependency */ = {
			isa = PBXTargetDependency;
			target = AEC411892E5E56F70054C9E1 /* ColorPairStudio */;
			targetProxy = AEC411992E5E56F90054C9E1 /* PBXContainerItemProxy */;
		};
		AEC411A42E5E56F90054C9E1 /* PBXTargetDependency */ = {
			isa = PBXTargetDependency;
			target = AEC411892E5E56F70054C9E1 /* ColorPairStudio */;
			targetProxy = AEC411A32E5E56F90054C9E1 /* PBXContainerItemProxy */;
		};
/* End PBXTargetDependency section */

/* Begin PBXVariantGroup section */
		AE0D6E7D2E6277BB001CC246 /* InfoPlist.strings */ = {
			isa = PBXVariantGroup;
			children = (
				AE0D6E7E2E6277BB001CC246 /* en */,
			);
			name = InfoPlist.strings;
			sourceTree = "<group>";
		};
/* End PBXVariantGroup section */

/* Begin XCBuildConfiguration section */
		AEC411AA2E5E56F90054C9E1 /* Debug */ = {
			isa = XCBuildConfiguration;
			buildSettings = {
				ALWAYS_SEARCH_USER_PATHS = NO;
				ASSETCATALOG_COMPILER_GENERATE_SWIFT_ASSET_SYMBOL_EXTENSIONS = YES;
				CLANG_ANALYZER_NONNULL = YES;
				CLANG_ANALYZER_NUMBER_OBJECT_CONVERSION = YES_AGGRESSIVE;
				CLANG_CXX_LANGUAGE_STANDARD = "gnu++20";
				CLANG_ENABLE_MODULES = YES;
				CLANG_ENABLE_OBJC_ARC = YES;
				CLANG_ENABLE_OBJC_WEAK = YES;
				CLANG_WARN_BLOCK_CAPTURE_AUTORELEASING = YES;
				CLANG_WARN_BOOL_CONVERSION = YES;
				CLANG_WARN_COMMA = YES;
				CLANG_WARN_CONSTANT_CONVERSION = YES;
				CLANG_WARN_DEPRECATED_OBJC_IMPLEMENTATIONS = YES;
				CLANG_WARN_DIRECT_OBJC_ISA_USAGE = YES_ERROR;
				CLANG_WARN_DOCUMENTATION_COMMENTS = YES;
				CLANG_WARN_EMPTY_BODY = YES;
				CLANG_WARN_ENUM_CONVERSION = YES;
				CLANG_WARN_INFINITE_RECURSION = YES;
				CLANG_WARN_INT_CONVERSION = YES;
				CLANG_WARN_NON_LITERAL_NULL_CONVERSION = YES;
				CLANG_WARN_OBJC_IMPLICIT_RETAIN_SELF = YES;
				CLANG_WARN_OBJC_LITERAL_CONVERSION = YES;
				CLANG_WARN_OBJC_ROOT_CLASS = YES_ERROR;
				CLANG_WARN_QUOTED_INCLUDE_IN_FRAMEWORK_HEADER = YES;
				CLANG_WARN_RANGE_LOOP_ANALYSIS = YES;
				CLANG_WARN_STRICT_PROTOTYPES = YES;
				CLANG_WARN_SUSPICIOUS_MOVE = YES;
				CLANG_WARN_UNGUARDED_AVAILABILITY = YES_AGGRESSIVE;
				CLANG_WARN_UNREACHABLE_CODE = YES;
				CLANG_WARN__DUPLICATE_METHOD_MATCH = YES;
				COPY_PHASE_STRIP = NO;
				DEBUG_INFORMATION_FORMAT = dwarf;
				DEVELOPMENT_TEAM = 7Y457JX2Z3;
				ENABLE_STRICT_OBJC_MSGSEND = YES;
				ENABLE_TESTABILITY = YES;
				ENABLE_USER_SCRIPT_SANDBOXING = YES;
				GCC_C_LANGUAGE_STANDARD = gnu17;
				GCC_DYNAMIC_NO_PIC = NO;
				GCC_NO_COMMON_BLOCKS = YES;
				GCC_OPTIMIZATION_LEVEL = 0;
				GCC_PREPROCESSOR_DEFINITIONS = (
					"DEBUG=1",
					"$(inherited)",
				);
				GCC_WARN_64_TO_32_BIT_CONVERSION = YES;
				GCC_WARN_ABOUT_RETURN_TYPE = YES_ERROR;
				GCC_WARN_UNDECLARED_SELECTOR = YES;
				GCC_WARN_UNINITIALIZED_AUTOS = YES_AGGRESSIVE;
				GCC_WARN_UNUSED_FUNCTION = YES;
				GCC_WARN_UNUSED_VARIABLE = YES;
				LOCALIZATION_PREFERS_STRING_CATALOGS = YES;
				MACOSX_DEPLOYMENT_TARGET = 15.5;
				MTL_ENABLE_DEBUG_INFO = INCLUDE_SOURCE;
				MTL_FAST_MATH = YES;
				ONLY_ACTIVE_ARCH = YES;
				SDKROOT = macosx;
				SWIFT_ACTIVE_COMPILATION_CONDITIONS = "DEBUG $(inherited)";
				SWIFT_OPTIMIZATION_LEVEL = "-Onone";
			};
			name = Debug;
		};
		AEC411AB2E5E56F90054C9E1 /* Release */ = {
			isa = XCBuildConfiguration;
			buildSettings = {
				ALWAYS_SEARCH_USER_PATHS = NO;
				ASSETCATALOG_COMPILER_GENERATE_SWIFT_ASSET_SYMBOL_EXTENSIONS = YES;
				CLANG_ANALYZER_NONNULL = YES;
				CLANG_ANALYZER_NUMBER_OBJECT_CONVERSION = YES_AGGRESSIVE;
				CLANG_CXX_LANGUAGE_STANDARD = "gnu++20";
				CLANG_ENABLE_MODULES = YES;
				CLANG_ENABLE_OBJC_ARC = YES;
				CLANG_ENABLE_OBJC_WEAK = YES;
				CLANG_WARN_BLOCK_CAPTURE_AUTORELEASING = YES;
				CLANG_WARN_BOOL_CONVERSION = YES;
				CLANG_WARN_COMMA = YES;
				CLANG_WARN_CONSTANT_CONVERSION = YES;
				CLANG_WARN_DEPRECATED_OBJC_IMPLEMENTATIONS = YES;
				CLANG_WARN_DIRECT_OBJC_ISA_USAGE = YES_ERROR;
				CLANG_WARN_DOCUMENTATION_COMMENTS = YES;
				CLANG_WARN_EMPTY_BODY = YES;
				CLANG_WARN_ENUM_CONVERSION = YES;
				CLANG_WARN_INFINITE_RECURSION = YES;
				CLANG_WARN_INT_CONVERSION = YES;
				CLANG_WARN_NON_LITERAL_NULL_CONVERSION = YES;
				CLANG_WARN_OBJC_IMPLICIT_RETAIN_SELF = YES;
				CLANG_WARN_OBJC_LITERAL_CONVERSION = YES;
				CLANG_WARN_OBJC_ROOT_CLASS = YES_ERROR;
				CLANG_WARN_QUOTED_INCLUDE_IN_FRAMEWORK_HEADER = YES;
				CLANG_WARN_RANGE_LOOP_ANALYSIS = YES;
				CLANG_WARN_STRICT_PROTOTYPES = YES;
				CLANG_WARN_SUSPICIOUS_MOVE = YES;
				CLANG_WARN_UNGUARDED_AVAILABILITY = YES_AGGRESSIVE;
				CLANG_WARN_UNREACHABLE_CODE = YES;
				CLANG_WARN__DUPLICATE_METHOD_MATCH = YES;
				COPY_PHASE_STRIP = NO;
				DEBUG_INFORMATION_FORMAT = "dwarf-with-dsym";
				DEVELOPMENT_TEAM = 7Y457JX2Z3;
				ENABLE_NS_ASSERTIONS = NO;
				ENABLE_STRICT_OBJC_MSGSEND = YES;
				ENABLE_USER_SCRIPT_SANDBOXING = YES;
				GCC_C_LANGUAGE_STANDARD = gnu17;
				GCC_NO_COMMON_BLOCKS = YES;
				GCC_WARN_64_TO_32_BIT_CONVERSION = YES;
				GCC_WARN_ABOUT_RETURN_TYPE = YES_ERROR;
				GCC_WARN_UNDECLARED_SELECTOR = YES;
				GCC_WARN_UNINITIALIZED_AUTOS = YES_AGGRESSIVE;
				GCC_WARN_UNUSED_FUNCTION = YES;
				GCC_WARN_UNUSED_VARIABLE = YES;
				LOCALIZATION_PREFERS_STRING_CATALOGS = YES;
				MACOSX_DEPLOYMENT_TARGET = 15.5;
				MTL_ENABLE_DEBUG_INFO = NO;
				MTL_FAST_MATH = YES;
				SDKROOT = macosx;
				SWIFT_COMPILATION_MODE = wholemodule;
			};
			name = Release;
		};
		AEC411AD2E5E56F90054C9E1 /* Debug */ = {
			isa = XCBuildConfiguration;
			buildSettings = {
				ASSETCATALOG_COMPILER_APPICON_NAME = AppIcon;
				ASSETCATALOG_COMPILER_GLOBAL_ACCENT_COLOR_NAME = AccentColor;
				CODE_SIGN_ENTITLEMENTS = ColorPairStudio/ColorPairStudio.entitlements;
				CODE_SIGN_STYLE = Automatic;
				COMBINE_HIDPI_IMAGES = YES;
				CURRENT_PROJECT_VERSION = 1;
				DEVELOPMENT_TEAM = 7Y457JX2Z3;
				ENABLE_HARDENED_RUNTIME = YES;
				ENABLE_PREVIEWS = YES;
				GENERATE_INFOPLIST_FILE = YES;
				INFOPLIST_FILE = "";
				INFOPLIST_KEY_CFBundleDisplayName = "Color Pair Studio";
				INFOPLIST_KEY_CFBundleName = "Color Pair Studio";
				INFOPLIST_KEY_LSApplicationCategoryType = "";
				INFOPLIST_KEY_NSHumanReadableCopyright = "";
				LD_RUNPATH_SEARCH_PATHS = (
					"$(inherited)",
					"@executable_path/../Frameworks",
				);
				MARKETING_VERSION = 1.0;
				PRODUCT_BUNDLE_IDENTIFIER = com.alamin.ColorPairStudio;
				PRODUCT_NAME = "$(TARGET_NAME)";
				REGISTER_APP_GROUPS = YES;
				SWIFT_EMIT_LOC_STRINGS = YES;
				SWIFT_VERSION = 5.0;
			};
			name = Debug;
		};
		AEC411AE2E5E56F90054C9E1 /* Release */ = {
			isa = XCBuildConfiguration;
			buildSettings = {
				ASSETCATALOG_COMPILER_APPICON_NAME = AppIcon;
				ASSETCATALOG_COMPILER_GLOBAL_ACCENT_COLOR_NAME = AccentColor;
				CODE_SIGN_ENTITLEMENTS = ColorPairStudio/ColorPairStudio.entitlements;
				CODE_SIGN_STYLE = Automatic;
				COMBINE_HIDPI_IMAGES = YES;
				CURRENT_PROJECT_VERSION = 1;
				DEVELOPMENT_TEAM = 7Y457JX2Z3;
				ENABLE_HARDENED_RUNTIME = YES;
				ENABLE_PREVIEWS = YES;
				GENERATE_INFOPLIST_FILE = YES;
				INFOPLIST_FILE = "";
				INFOPLIST_KEY_CFBundleDisplayName = "Color Pair Studio";
				INFOPLIST_KEY_CFBundleName = "Color Pair Studio";
				INFOPLIST_KEY_LSApplicationCategoryType = "";
				INFOPLIST_KEY_NSHumanReadableCopyright = "";
				LD_RUNPATH_SEARCH_PATHS = (
					"$(inherited)",
					"@executable_path/../Frameworks",
				);
				MARKETING_VERSION = 1.0;
				PRODUCT_BUNDLE_IDENTIFIER = com.alamin.ColorPairStudio;
				PRODUCT_NAME = "$(TARGET_NAME)";
				REGISTER_APP_GROUPS = YES;
				SWIFT_EMIT_LOC_STRINGS = YES;
				SWIFT_VERSION = 5.0;
			};
			name = Release;
		};
		AEC411B02E5E56F90054C9E1 /* Debug */ = {
			isa = XCBuildConfiguration;
			buildSettings = {
				BUNDLE_LOADER = "$(TEST_HOST)";
				CODE_SIGN_STYLE = Automatic;
				CURRENT_PROJECT_VERSION = 1;
				DEVELOPMENT_TEAM = 7Y457JX2Z3;
				GENERATE_INFOPLIST_FILE = YES;
				MACOSX_DEPLOYMENT_TARGET = 15.5;
				MARKETING_VERSION = 1.0;
				PRODUCT_BUNDLE_IDENTIFIER = com.alamin.XcodeColorMatchTests;
				PRODUCT_NAME = "$(TARGET_NAME)";
				SWIFT_EMIT_LOC_STRINGS = NO;
				SWIFT_VERSION = 5.0;
				TEST_HOST = "$(BUILT_PRODUCTS_DIR)/ColorPairStudio.app/$(BUNDLE_EXECUTABLE_FOLDER_PATH)/ColorPairStudio";
			};
			name = Debug;
		};
		AEC411B12E5E56F90054C9E1 /* Release */ = {
			isa = XCBuildConfiguration;
			buildSettings = {
				BUNDLE_LOADER = "$(TEST_HOST)";
				CODE_SIGN_STYLE = Automatic;
				CURRENT_PROJECT_VERSION = 1;
				DEVELOPMENT_TEAM = 7Y457JX2Z3;
				GENERATE_INFOPLIST_FILE = YES;
				MACOSX_DEPLOYMENT_TARGET = 15.5;
				MARKETING_VERSION = 1.0;
				PRODUCT_BUNDLE_IDENTIFIER = com.alamin.XcodeColorMatchTests;
				PRODUCT_NAME = "$(TARGET_NAME)";
				SWIFT_EMIT_LOC_STRINGS = NO;
				SWIFT_VERSION = 5.0;
				TEST_HOST = "$(BUILT_PRODUCTS_DIR)/ColorPairStudio.app/$(BUNDLE_EXECUTABLE_FOLDER_PATH)/ColorPairStudio";
			};
			name = Release;
		};
		AEC411B32E5E56F90054C9E1 /* Debug */ = {
			isa = XCBuildConfiguration;
			buildSettings = {
				CODE_SIGN_STYLE = Automatic;
				CURRENT_PROJECT_VERSION = 1;
				DEVELOPMENT_TEAM = 7Y457JX2Z3;
				GENERATE_INFOPLIST_FILE = YES;
				MARKETING_VERSION = 1.0;
				PRODUCT_BUNDLE_IDENTIFIER = com.alamin.XcodeColorMatchUITests;
				PRODUCT_NAME = "$(TARGET_NAME)";
				SWIFT_EMIT_LOC_STRINGS = NO;
				SWIFT_VERSION = 5.0;
				TEST_TARGET_NAME = XcodeColorMatch;
			};
			name = Debug;
		};
		AEC411B42E5E56F90054C9E1 /* Release */ = {
			isa = XCBuildConfiguration;
			buildSettings = {
				CODE_SIGN_STYLE = Automatic;
				CURRENT_PROJECT_VERSION = 1;
				DEVELOPMENT_TEAM = 7Y457JX2Z3;
				GENERATE_INFOPLIST_FILE = YES;
				MARKETING_VERSION = 1.0;
				PRODUCT_BUNDLE_IDENTIFIER = com.alamin.XcodeColorMatchUITests;
				PRODUCT_NAME = "$(TARGET_NAME)";
				SWIFT_EMIT_LOC_STRINGS = NO;
				SWIFT_VERSION = 5.0;
				TEST_TARGET_NAME = XcodeColorMatch;
			};
			name = Release;
		};
/* End XCBuildConfiguration section */

/* Begin XCConfigurationList section */
		AEC411852E5E56F70054C9E1 /* Build configuration list for PBXProject "ColorPairStudio" */ = {
			isa = XCConfigurationList;
			buildConfigurations = (
				AEC411AA2E5E56F90054C9E1 /* Debug */,
				AEC411AB2E5E56F90054C9E1 /* Release */,
			);
			defaultConfigurationIsVisible = 0;
			defaultConfigurationName = Release;
		};
		AEC411AC2E5E56F90054C9E1 /* Build configuration list for PBXNativeTarget "ColorPairStudio" */ = {
			isa = XCConfigurationList;
			buildConfigurations = (
				AEC411AD2E5E56F90054C9E1 /* Debug */,
				AEC411AE2E5E56F90054C9E1 /* Release */,
			);
			defaultConfigurationIsVisible = 0;
			defaultConfigurationName = Release;
		};
		AEC411AF2E5E56F90054C9E1 /* Build configuration list for PBXNativeTarget "ColorPairStudioTests" */ = {
			isa = XCConfigurationList;
			buildConfigurations = (
				AEC411B02E5E56F90054C9E1 /* Debug */,
				AEC411B12E5E56F90054C9E1 /* Release */,
			);
			defaultConfigurationIsVisible = 0;
			defaultConfigurationName = Release;
		};
		AEC411B22E5E56F90054C9E1 /* Build configuration list for PBXNativeTarget "ColorPairStudioUITests" */ = {
			isa = XCConfigurationList;
			buildConfigurations = (
				AEC411B32E5E56F90054C9E1 /* Debug */,
				AEC411B42E5E56F90054C9E1 /* Release */,
			);
			defaultConfigurationIsVisible = 0;
			defaultConfigurationName = Release;
		};
/* End XCConfigurationList section */
	};
	rootObject = AEC411822E5E56F70054C9E1 /* Project object */;
}
